// !$*UTF8*$!
{
	archiveVersion = 1;
	classes = {
	};
	objectVersion = 46;
	objects = {

/* Begin PBXBuildFile section */
		07CBBB831F99EF51006EAC56 /* AppDelegate.swift in Sources */ = {isa = PBXBuildFile; fileRef = 07CBBB821F99EF51006EAC56 /* AppDelegate.swift */; };
		07CBBB851F99EF51006EAC56 /* ViewController.swift in Sources */ = {isa = PBXBuildFile; fileRef = 07CBBB841F99EF51006EAC56 /* ViewController.swift */; };
		07CBBB881F99EF51006EAC56 /* Main.storyboard in Resources */ = {isa = PBXBuildFile; fileRef = 07CBBB861F99EF51006EAC56 /* Main.storyboard */; };
		07CBBB8A1F99EF51006EAC56 /* Assets.xcassets in Resources */ = {isa = PBXBuildFile; fileRef = 07CBBB891F99EF51006EAC56 /* Assets.xcassets */; };
		07CBBB8D1F99EF51006EAC56 /* LaunchScreen.storyboard in Resources */ = {isa = PBXBuildFile; fileRef = 07CBBB8B1F99EF51006EAC56 /* LaunchScreen.storyboard */; };
		07CBBB981F99EF51006EAC56 /* BlindenAppTestTests.swift in Sources */ = {isa = PBXBuildFile; fileRef = 07CBBB971F99EF51006EAC56 /* BlindenAppTestTests.swift */; };
		07CBBBA31F99EF51006EAC56 /* BlindenAppTestUITests.swift in Sources */ = {isa = PBXBuildFile; fileRef = 07CBBBA21F99EF51006EAC56 /* BlindenAppTestUITests.swift */; };
/* End PBXBuildFile section */

/* Begin PBXContainerItemProxy section */
		07CBBB941F99EF51006EAC56 /* PBXContainerItemProxy */ = {
			isa = PBXContainerItemProxy;
			containerPortal = 07CBBB771F99EF51006EAC56 /* Project object */;
			proxyType = 1;
			remoteGlobalIDString = 07CBBB7E1F99EF51006EAC56;
			remoteInfo = BlindenAppTest;
		};
		07CBBB9F1F99EF51006EAC56 /* PBXContainerItemProxy */ = {
			isa = PBXContainerItemProxy;
			containerPortal = 07CBBB771F99EF51006EAC56 /* Project object */;
			proxyType = 1;
			remoteGlobalIDString = 07CBBB7E1F99EF51006EAC56;
			remoteInfo = BlindenAppTest;
		};
/* End PBXContainerItemProxy section */

/* Begin PBXFileReference section */
		07CBBB7F1F99EF51006EAC56 /* BlindenAppTest.app */ = {isa = PBXFileReference; explicitFileType = wrapper.application; includeInIndex = 0; path = BlindenAppTest.app; sourceTree = BUILT_PRODUCTS_DIR; };
		07CBBB821F99EF51006EAC56 /* AppDelegate.swift */ = {isa = PBXFileReference; lastKnownFileType = sourcecode.swift; path = AppDelegate.swift; sourceTree = "<group>"; };
		07CBBB841F99EF51006EAC56 /* ViewController.swift */ = {isa = PBXFileReference; lastKnownFileType = sourcecode.swift; path = ViewController.swift; sourceTree = "<group>"; };
		07CBBB871F99EF51006EAC56 /* Base */ = {isa = PBXFileReference; lastKnownFileType = file.storyboard; name = Base; path = Base.lproj/Main.storyboard; sourceTree = "<group>"; };
		07CBBB891F99EF51006EAC56 /* Assets.xcassets */ = {isa = PBXFileReference; lastKnownFileType = folder.assetcatalog; path = Assets.xcassets; sourceTree = "<group>"; };
		07CBBB8C1F99EF51006EAC56 /* Base */ = {isa = PBXFileReference; lastKnownFileType = file.storyboard; name = Base; path = Base.lproj/LaunchScreen.storyboard; sourceTree = "<group>"; };
		07CBBB8E1F99EF51006EAC56 /* Info.plist */ = {isa = PBXFileReference; lastKnownFileType = text.plist.xml; path = Info.plist; sourceTree = "<group>"; };
		07CBBB931F99EF51006EAC56 /* BlindenAppTestTests.xctest */ = {isa = PBXFileReference; explicitFileType = wrapper.cfbundle; includeInIndex = 0; path = BlindenAppTestTests.xctest; sourceTree = BUILT_PRODUCTS_DIR; };
		07CBBB971F99EF51006EAC56 /* BlindenAppTestTests.swift */ = {isa = PBXFileReference; lastKnownFileType = sourcecode.swift; path = BlindenAppTestTests.swift; sourceTree = "<group>"; };
		07CBBB991F99EF51006EAC56 /* Info.plist */ = {isa = PBXFileReference; lastKnownFileType = text.plist.xml; path = Info.plist; sourceTree = "<group>"; };
		07CBBB9E1F99EF51006EAC56 /* BlindenAppTestUITests.xctest */ = {isa = PBXFileReference; explicitFileType = wrapper.cfbundle; includeInIndex = 0; path = BlindenAppTestUITests.xctest; sourceTree = BUILT_PRODUCTS_DIR; };
		07CBBBA21F99EF51006EAC56 /* BlindenAppTestUITests.swift */ = {isa = PBXFileReference; lastKnownFileType = sourcecode.swift; path = BlindenAppTestUITests.swift; sourceTree = "<group>"; };
		07CBBBA41F99EF51006EAC56 /* Info.plist */ = {isa = PBXFileReference; lastKnownFileType = text.plist.xml; path = Info.plist; sourceTree = "<group>"; };
/* End PBXFileReference section */

/* Begin PBXFrameworksBuildPhase section */
		07CBBB7C1F99EF51006EAC56 /* Frameworks */ = {
			isa = PBXFrameworksBuildPhase;
			buildActionMask = 2147483647;
			files = (
			);
			runOnlyForDeploymentPostprocessing = 0;
		};
		07CBBB901F99EF51006EAC56 /* Frameworks */ = {
			isa = PBXFrameworksBuildPhase;
			buildActionMask = 2147483647;
			files = (
			);
			runOnlyForDeploymentPostprocessing = 0;
		};
		07CBBB9B1F99EF51006EAC56 /* Frameworks */ = {
			isa = PBXFrameworksBuildPhase;
			buildActionMask = 2147483647;
			files = (
			);
			runOnlyForDeploymentPostprocessing = 0;
		};
/* End PBXFrameworksBuildPhase section */

/* Begin PBXGroup section */
		07CBBB761F99EF51006EAC56 = {
			isa = PBXGroup;
			children = (
				07CBBB811F99EF51006EAC56 /* BlindenAppTest */,
				07CBBB961F99EF51006EAC56 /* BlindenAppTestTests */,
				07CBBBA11F99EF51006EAC56 /* BlindenAppTestUITests */,
				07CBBB801F99EF51006EAC56 /* Products */,
			);
			sourceTree = "<group>";
		};
		07CBBB801F99EF51006EAC56 /* Products */ = {
			isa = PBXGroup;
			children = (
				07CBBB7F1F99EF51006EAC56 /* BlindenAppTest.app */,
				07CBBB931F99EF51006EAC56 /* BlindenAppTestTests.xctest */,
				07CBBB9E1F99EF51006EAC56 /* BlindenAppTestUITests.xctest */,
			);
			name = Products;
			sourceTree = "<group>";
		};
		07CBBB811F99EF51006EAC56 /* BlindenAppTest */ = {
			isa = PBXGroup;
			children = (
				07CBBB821F99EF51006EAC56 /* AppDelegate.swift */,
				07CBBB841F99EF51006EAC56 /* ViewController.swift */,
				07CBBB861F99EF51006EAC56 /* Main.storyboard */,
				07CBBB891F99EF51006EAC56 /* Assets.xcassets */,
				07CBBB8B1F99EF51006EAC56 /* LaunchScreen.storyboard */,
				07CBBB8E1F99EF51006EAC56 /* Info.plist */,
			);
			path = BlindenAppTest;
			sourceTree = "<group>";
		};
		07CBBB961F99EF51006EAC56 /* BlindenAppTestTests */ = {
			isa = PBXGroup;
			children = (
				07CBBB971F99EF51006EAC56 /* BlindenAppTestTests.swift */,
				07CBBB991F99EF51006EAC56 /* Info.plist */,
			);
			path = BlindenAppTestTests;
			sourceTree = "<group>";
		};
		07CBBBA11F99EF51006EAC56 /* BlindenAppTestUITests */ = {
			isa = PBXGroup;
			children = (
				07CBBBA21F99EF51006EAC56 /* BlindenAppTestUITests.swift */,
				07CBBBA41F99EF51006EAC56 /* Info.plist */,
			);
			path = BlindenAppTestUITests;
			sourceTree = "<group>";
		};
/* End PBXGroup section */

/* Begin PBXNativeTarget section */
		07CBBB7E1F99EF51006EAC56 /* BlindenAppTest */ = {
			isa = PBXNativeTarget;
			buildConfigurationList = 07CBBBA71F99EF51006EAC56 /* Build configuration list for PBXNativeTarget "BlindenAppTest" */;
			buildPhases = (
				07CBBB7B1F99EF51006EAC56 /* Sources */,
				07CBBB7C1F99EF51006EAC56 /* Frameworks */,
				07CBBB7D1F99EF51006EAC56 /* Resources */,
			);
			buildRules = (
			);
			dependencies = (
			);
			name = BlindenAppTest;
			productName = BlindenAppTest;
			productReference = 07CBBB7F1F99EF51006EAC56 /* BlindenAppTest.app */;
			productType = "com.apple.product-type.application";
		};
		07CBBB921F99EF51006EAC56 /* BlindenAppTestTests */ = {
			isa = PBXNativeTarget;
			buildConfigurationList = 07CBBBAA1F99EF51006EAC56 /* Build configuration list for PBXNativeTarget "BlindenAppTestTests" */;
			buildPhases = (
				07CBBB8F1F99EF51006EAC56 /* Sources */,
				07CBBB901F99EF51006EAC56 /* Frameworks */,
				07CBBB911F99EF51006EAC56 /* Resources */,
			);
			buildRules = (
			);
			dependencies = (
				07CBBB951F99EF51006EAC56 /* PBXTargetDependency */,
			);
			name = BlindenAppTestTests;
			productName = BlindenAppTestTests;
			productReference = 07CBBB931F99EF51006EAC56 /* BlindenAppTestTests.xctest */;
			productType = "com.apple.product-type.bundle.unit-test";
		};
		07CBBB9D1F99EF51006EAC56 /* BlindenAppTestUITests */ = {
			isa = PBXNativeTarget;
			buildConfigurationList = 07CBBBAD1F99EF51006EAC56 /* Build configuration list for PBXNativeTarget "BlindenAppTestUITests" */;
			buildPhases = (
				07CBBB9A1F99EF51006EAC56 /* Sources */,
				07CBBB9B1F99EF51006EAC56 /* Frameworks */,
				07CBBB9C1F99EF51006EAC56 /* Resources */,
			);
			buildRules = (
			);
			dependencies = (
				07CBBBA01F99EF51006EAC56 /* PBXTargetDependency */,
			);
			name = BlindenAppTestUITests;
			productName = BlindenAppTestUITests;
			productReference = 07CBBB9E1F99EF51006EAC56 /* BlindenAppTestUITests.xctest */;
			productType = "com.apple.product-type.bundle.ui-testing";
		};
/* End PBXNativeTarget section */

/* Begin PBXProject section */
		07CBBB771F99EF51006EAC56 /* Project object */ = {
			isa = PBXProject;
			attributes = {
				LastSwiftUpdateCheck = 0830;
				LastUpgradeCheck = 0830;
				ORGANIZATIONNAME = "Lukas Reitemeier";
				TargetAttributes = {
					07CBBB7E1F99EF51006EAC56 = {
						CreatedOnToolsVersion = 8.3.3;
						ProvisioningStyle = Automatic;
					};
					07CBBB921F99EF51006EAC56 = {
						CreatedOnToolsVersion = 8.3.3;
						ProvisioningStyle = Automatic;
						TestTargetID = 07CBBB7E1F99EF51006EAC56;
					};
					07CBBB9D1F99EF51006EAC56 = {
						CreatedOnToolsVersion = 8.3.3;
						ProvisioningStyle = Automatic;
						TestTargetID = 07CBBB7E1F99EF51006EAC56;
					};
				};
			};
			buildConfigurationList = 07CBBB7A1F99EF51006EAC56 /* Build configuration list for PBXProject "BlindenAppTest" */;
			compatibilityVersion = "Xcode 3.2";
			developmentRegion = English;
			hasScannedForEncodings = 0;
			knownRegions = (
				en,
				Base,
			);
			mainGroup = 07CBBB761F99EF51006EAC56;
			productRefGroup = 07CBBB801F99EF51006EAC56 /* Products */;
			projectDirPath = "";
			projectRoot = "";
			targets = (
				07CBBB7E1F99EF51006EAC56 /* BlindenAppTest */,
				07CBBB921F99EF51006EAC56 /* BlindenAppTestTests */,
				07CBBB9D1F99EF51006EAC56 /* BlindenAppTestUITests */,
			);
		};
/* End PBXProject section */

/* Begin PBXResourcesBuildPhase section */
		07CBBB7D1F99EF51006EAC56 /* Resources */ = {
			isa = PBXResourcesBuildPhase;
			buildActionMask = 2147483647;
			files = (
				07CBBB8D1F99EF51006EAC56 /* LaunchScreen.storyboard in Resources */,
				07CBBB8A1F99EF51006EAC56 /* Assets.xcassets in Resources */,
				07CBBB881F99EF51006EAC56 /* Main.storyboard in Resources */,
			);
			runOnlyForDeploymentPostprocessing = 0;
		};
		07CBBB911F99EF51006EAC56 /* Resources */ = {
			isa = PBXResourcesBuildPhase;
			buildActionMask = 2147483647;
			files = (
			);
			runOnlyForDeploymentPostprocessing = 0;
		};
		07CBBB9C1F99EF51006EAC56 /* Resources */ = {
			isa = PBXResourcesBuildPhase;
			buildActionMask = 2147483647;
			files = (
			);
			runOnlyForDeploymentPostprocessing = 0;
		};
/* End PBXResourcesBuildPhase section */

/* Begin PBXSourcesBuildPhase section */
		07CBBB7B1F99EF51006EAC56 /* Sources */ = {
			isa = PBXSourcesBuildPhase;
			buildActionMask = 2147483647;
			files = (
				07CBBB851F99EF51006EAC56 /* ViewController.swift in Sources */,
				07CBBB831F99EF51006EAC56 /* AppDelegate.swift in Sources */,
			);
			runOnlyForDeploymentPostprocessing = 0;
		};
		07CBBB8F1F99EF51006EAC56 /* Sources */ = {
			isa = PBXSourcesBuildPhase;
			buildActionMask = 2147483647;
			files = (
				07CBBB981F99EF51006EAC56 /* BlindenAppTestTests.swift in Sources */,
			);
			runOnlyForDeploymentPostprocessing = 0;
		};
		07CBBB9A1F99EF51006EAC56 /* Sources */ = {
			isa = PBXSourcesBuildPhase;
			buildActionMask = 2147483647;
			files = (
				07CBBBA31F99EF51006EAC56 /* BlindenAppTestUITests.swift in Sources */,
			);
			runOnlyForDeploymentPostprocessing = 0;
		};
/* End PBXSourcesBuildPhase section */

/* Begin PBXTargetDependency section */
		07CBBB951F99EF51006EAC56 /* PBXTargetDependency */ = {
			isa = PBXTargetDependency;
			target = 07CBBB7E1F99EF51006EAC56 /* BlindenAppTest */;
			targetProxy = 07CBBB941F99EF51006EAC56 /* PBXContainerItemProxy */;
		};
		07CBBBA01F99EF51006EAC56 /* PBXTargetDependency */ = {
			isa = PBXTargetDependency;
			target = 07CBBB7E1F99EF51006EAC56 /* BlindenAppTest */;
			targetProxy = 07CBBB9F1F99EF51006EAC56 /* PBXContainerItemProxy */;
		};
/* End PBXTargetDependency section */

/* Begin PBXVariantGroup section */
		07CBBB861F99EF51006EAC56 /* Main.storyboard */ = {
			isa = PBXVariantGroup;
			children = (
				07CBBB871F99EF51006EAC56 /* Base */,
			);
			name = Main.storyboard;
			sourceTree = "<group>";
		};
		07CBBB8B1F99EF51006EAC56 /* LaunchScreen.storyboard */ = {
			isa = PBXVariantGroup;
			children = (
				07CBBB8C1F99EF51006EAC56 /* Base */,
			);
			name = LaunchScreen.storyboard;
			sourceTree = "<group>";
		};
/* End PBXVariantGroup section */

/* Begin XCBuildConfiguration section */
		07CBBBA51F99EF51006EAC56 /* Debug */ = {
			isa = XCBuildConfiguration;
			buildSettings = {
				ALWAYS_SEARCH_USER_PATHS = NO;
				CLANG_ANALYZER_NONNULL = YES;
				CLANG_ANALYZER_NUMBER_OBJECT_CONVERSION = YES_AGGRESSIVE;
				CLANG_CXX_LANGUAGE_STANDARD = "gnu++0x";
				CLANG_CXX_LIBRARY = "libc++";
				CLANG_ENABLE_MODULES = YES;
				CLANG_ENABLE_OBJC_ARC = YES;
				CLANG_WARN_BOOL_CONVERSION = YES;
				CLANG_WARN_CONSTANT_CONVERSION = YES;
				CLANG_WARN_DIRECT_OBJC_ISA_USAGE = YES_ERROR;
				CLANG_WARN_DOCUMENTATION_COMMENTS = YES;
				CLANG_WARN_EMPTY_BODY = YES;
				CLANG_WARN_ENUM_CONVERSION = YES;
				CLANG_WARN_INFINITE_RECURSION = YES;
				CLANG_WARN_INT_CONVERSION = YES;
				CLANG_WARN_OBJC_ROOT_CLASS = YES_ERROR;
				CLANG_WARN_SUSPICIOUS_MOVE = YES;
				CLANG_WARN_UNREACHABLE_CODE = YES;
				CLANG_WARN__DUPLICATE_METHOD_MATCH = YES;
				"CODE_SIGN_IDENTITY[sdk=iphoneos*]" = "iPhone Developer";
				COPY_PHASE_STRIP = NO;
				DEBUG_INFORMATION_FORMAT = dwarf;
				ENABLE_STRICT_OBJC_MSGSEND = YES;
				ENABLE_TESTABILITY = YES;
				GCC_C_LANGUAGE_STANDARD = gnu99;
				GCC_DYNAMIC_NO_PIC = NO;
				GCC_NO_COMMON_BLOCKS = YES;
				GCC_OPTIMIZATION_LEVEL = 0;
				GCC_PREPROCESSOR_DEFINITIONS = (
					"DEBUG=1",
					"$(inherited)",
				);
				GCC_WARN_64_TO_32_BIT_CONVERSION = YES;
				GCC_WARN_ABOUT_RETURN_TYPE = YES_ERROR;
				GCC_WARN_UNDECLARED_SELECTOR = YES;
				GCC_WARN_UNINITIALIZED_AUTOS = YES_AGGRESSIVE;
				GCC_WARN_UNUSED_FUNCTION = YES;
				GCC_WARN_UNUSED_VARIABLE = YES;
				IPHONEOS_DEPLOYMENT_TARGET = 10.3;
				MTL_ENABLE_DEBUG_INFO = YES;
				ONLY_ACTIVE_ARCH = YES;
				SDKROOT = iphoneos;
				SWIFT_ACTIVE_COMPILATION_CONDITIONS = DEBUG;
				SWIFT_OPTIMIZATION_LEVEL = "-Onone";
				TARGETED_DEVICE_FAMILY = "1,2";
			};
			name = Debug;
		};
		07CBBBA61F99EF51006EAC56 /* Release */ = {
			isa = XCBuildConfiguration;
			buildSettings = {
				ALWAYS_SEARCH_USER_PATHS = NO;
				CLANG_ANALYZER_NONNULL = YES;
				CLANG_ANALYZER_NUMBER_OBJECT_CONVERSION = YES_AGGRESSIVE;
				CLANG_CXX_LANGUAGE_STANDARD = "gnu++0x";
				CLANG_CXX_LIBRARY = "libc++";
				CLANG_ENABLE_MODULES = YES;
				CLANG_ENABLE_OBJC_ARC = YES;
				CLANG_WARN_BOOL_CONVERSION = YES;
				CLANG_WARN_CONSTANT_CONVERSION = YES;
				CLANG_WARN_DIRECT_OBJC_ISA_USAGE = YES_ERROR;
				CLANG_WARN_DOCUMENTATION_COMMENTS = YES;
				CLANG_WARN_EMPTY_BODY = YES;
				CLANG_WARN_ENUM_CONVERSION = YES;
				CLANG_WARN_INFINITE_RECURSION = YES;
				CLANG_WARN_INT_CONVERSION = YES;
				CLANG_WARN_OBJC_ROOT_CLASS = YES_ERROR;
				CLANG_WARN_SUSPICIOUS_MOVE = YES;
				CLANG_WARN_UNREACHABLE_CODE = YES;
				CLANG_WARN__DUPLICATE_METHOD_MATCH = YES;
				"CODE_SIGN_IDENTITY[sdk=iphoneos*]" = "iPhone Developer";
				COPY_PHASE_STRIP = NO;
				DEBUG_INFORMATION_FORMAT = "dwarf-with-dsym";
				ENABLE_NS_ASSERTIONS = NO;
				ENABLE_STRICT_OBJC_MSGSEND = YES;
				GCC_C_LANGUAGE_STANDARD = gnu99;
				GCC_NO_COMMON_BLOCKS = YES;
				GCC_WARN_64_TO_32_BIT_CONVERSION = YES;
				GCC_WARN_ABOUT_RETURN_TYPE = YES_ERROR;
				GCC_WARN_UNDECLARED_SELECTOR = YES;
				GCC_WARN_UNINITIALIZED_AUTOS = YES_AGGRESSIVE;
				GCC_WARN_UNUSED_FUNCTION = YES;
				GCC_WARN_UNUSED_VARIABLE = YES;
				IPHONEOS_DEPLOYMENT_TARGET = 10.3;
				MTL_ENABLE_DEBUG_INFO = NO;
				SDKROOT = iphoneos;
				SWIFT_OPTIMIZATION_LEVEL = "-Owholemodule";
				TARGETED_DEVICE_FAMILY = "1,2";
				VALIDATE_PRODUCT = YES;
			};
			name = Release;
		};
		07CBBBA81F99EF51006EAC56 /* Debug */ = {
			isa = XCBuildConfiguration;
			buildSettings = {
				ASSETCATALOG_COMPILER_APPICON_NAME = AppIcon;
				INFOPLIST_FILE = BlindenAppTest/Info.plist;
				LD_RUNPATH_SEARCH_PATHS = "$(inherited) @executable_path/Frameworks";
				PRODUCT_BUNDLE_IDENTIFIER = LR.BlindenAppTest;
				PRODUCT_NAME = "$(TARGET_NAME)";
				SWIFT_VERSION = 3.0;
			};
			name = Debug;
		};
		07CBBBA91F99EF51006EAC56 /* Release */ = {
			isa = XCBuildConfiguration;
			buildSettings = {
				ASSETCATALOG_COMPILER_APPICON_NAME = AppIcon;
				INFOPLIST_FILE = BlindenAppTest/Info.plist;
				LD_RUNPATH_SEARCH_PATHS = "$(inherited) @executable_path/Frameworks";
				PRODUCT_BUNDLE_IDENTIFIER = LR.BlindenAppTest;
				PRODUCT_NAME = "$(TARGET_NAME)";
				SWIFT_VERSION = 3.0;
			};
			name = Release;
		};
		07CBBBAB1F99EF51006EAC56 /* Debug */ = {
			isa = XCBuildConfiguration;
			buildSettings = {
				ALWAYS_EMBED_SWIFT_STANDARD_LIBRARIES = YES;
				BUNDLE_LOADER = "$(TEST_HOST)";
				INFOPLIST_FILE = BlindenAppTestTests/Info.plist;
				LD_RUNPATH_SEARCH_PATHS = "$(inherited) @executable_path/Frameworks @loader_path/Frameworks";
				PRODUCT_BUNDLE_IDENTIFIER = LR.BlindenAppTestTests;
				PRODUCT_NAME = "$(TARGET_NAME)";
				SWIFT_VERSION = 3.0;
				TEST_HOST = "$(BUILT_PRODUCTS_DIR)/BlindenAppTest.app/BlindenAppTest";
			};
			name = Debug;
		};
		07CBBBAC1F99EF51006EAC56 /* Release */ = {
			isa = XCBuildConfiguration;
			buildSettings = {
				ALWAYS_EMBED_SWIFT_STANDARD_LIBRARIES = YES;
				BUNDLE_LOADER = "$(TEST_HOST)";
				INFOPLIST_FILE = BlindenAppTestTests/Info.plist;
				LD_RUNPATH_SEARCH_PATHS = "$(inherited) @executable_path/Frameworks @loader_path/Frameworks";
				PRODUCT_BUNDLE_IDENTIFIER = LR.BlindenAppTestTests;
				PRODUCT_NAME = "$(TARGET_NAME)";
				SWIFT_VERSION = 3.0;
				TEST_HOST = "$(BUILT_PRODUCTS_DIR)/BlindenAppTest.app/BlindenAppTest";
			};
			name = Release;
		};
		07CBBBAE1F99EF51006EAC56 /* Debug */ = {
			isa = XCBuildConfiguration;
			buildSettings = {
				ALWAYS_EMBED_SWIFT_STANDARD_LIBRARIES = YES;
				INFOPLIST_FILE = BlindenAppTestUITests/Info.plist;
				LD_RUNPATH_SEARCH_PATHS = "$(inherited) @executable_path/Frameworks @loader_path/Frameworks";
				PRODUCT_BUNDLE_IDENTIFIER = LR.BlindenAppTestUITests;
				PRODUCT_NAME = "$(TARGET_NAME)";
				SWIFT_VERSION = 3.0;
				TEST_TARGET_NAME = BlindenAppTest;
			};
			name = Debug;
		};
		07CBBBAF1F99EF51006EAC56 /* Release */ = {
			isa = XCBuildConfiguration;
			buildSettings = {
				ALWAYS_EMBED_SWIFT_STANDARD_LIBRARIES = YES;
				INFOPLIST_FILE = BlindenAppTestUITests/Info.plist;
				LD_RUNPATH_SEARCH_PATHS = "$(inherited) @executable_path/Frameworks @loader_path/Frameworks";
				PRODUCT_BUNDLE_IDENTIFIER = LR.BlindenAppTestUITests;
				PRODUCT_NAME = "$(TARGET_NAME)";
				SWIFT_VERSION = 3.0;
				TEST_TARGET_NAME = BlindenAppTest;
			};
			name = Release;
		};
/* End XCBuildConfiguration section */

/* Begin XCConfigurationList section */
		07CBBB7A1F99EF51006EAC56 /* Build configuration list for PBXProject "BlindenAppTest" */ = {
			isa = XCConfigurationList;
			buildConfigurations = (
				07CBBBA51F99EF51006EAC56 /* Debug */,
				07CBBBA61F99EF51006EAC56 /* Release */,
			);
			defaultConfigurationIsVisible = 0;
			defaultConfigurationName = Release;
		};
		07CBBBA71F99EF51006EAC56 /* Build configuration list for PBXNativeTarget "BlindenAppTest" */ = {
			isa = XCConfigurationList;
			buildConfigurations = (
				07CBBBA81F99EF51006EAC56 /* Debug */,
				07CBBBA91F99EF51006EAC56 /* Release */,
			);
			defaultConfigurationIsVisible = 0;
		};
		07CBBBAA1F99EF51006EAC56 /* Build configuration list for PBXNativeTarget "BlindenAppTestTests" */ = {
			isa = XCConfigurationList;
			buildConfigurations = (
				07CBBBAB1F99EF51006EAC56 /* Debug */,
				07CBBBAC1F99EF51006EAC56 /* Release */,
			);
			defaultConfigurationIsVisible = 0;
		};
		07CBBBAD1F99EF51006EAC56 /* Build configuration list for PBXNativeTarget "BlindenAppTestUITests" */ = {
			isa = XCConfigurationList;
			buildConfigurations = (
				07CBBBAE1F99EF51006EAC56 /* Debug */,
				07CBBBAF1F99EF51006EAC56 /* Release */,
			);
			defaultConfigurationIsVisible = 0;
		};
/* End XCConfigurationList section */
	};
	rootObject = 07CBBB771F99EF51006EAC56 /* Project object */;
}
