// !$*UTF8*$!
{
	archiveVersion = 1;
	classes = {
	};
	objectVersion = 46;
	objects = {

/* Begin PBXBuildFile section */
		0728108B204177F6006E61C4 /* Default-568h@2x.png in Resources */ = {isa = PBXBuildFile; fileRef = 0728108A204177F6006E61C4 /* Default-568h@2x.png */; };
		074DA2BA2055C70100981831 /* PointOfInterest.swift in Sources */ = {isa = PBXBuildFile; fileRef = 074DA2B92055C70100981831 /* PointOfInterest.swift */; };
		074DA2BC2055CB6B00981831 /* SpeechController.swift in Sources */ = {isa = PBXBuildFile; fileRef = 074DA2BB2055CB6B00981831 /* SpeechController.swift */; };
		079F16801F9CFAC100372913 /* POIs.swift in Sources */ = {isa = PBXBuildFile; fileRef = 079F167F1F9CFAC100372913 /* POIs.swift */; };
		07A7390E2059B4400001DA2A /* Controller.swift in Sources */ = {isa = PBXBuildFile; fileRef = 07A7390D2059B4400001DA2A /* Controller.swift */; };
		07BAB7582041AC200010A059 /* GooglePlaces.swift in Sources */ = {isa = PBXBuildFile; fileRef = 07BAB7572041AC200010A059 /* GooglePlaces.swift */; };
		07CBBB831F99EF51006EAC56 /* AppDelegate.swift in Sources */ = {isa = PBXBuildFile; fileRef = 07CBBB821F99EF51006EAC56 /* AppDelegate.swift */; };
		07CBBB851F99EF51006EAC56 /* ViewController.swift in Sources */ = {isa = PBXBuildFile; fileRef = 07CBBB841F99EF51006EAC56 /* ViewController.swift */; };
		07CBBB881F99EF51006EAC56 /* Main.storyboard in Resources */ = {isa = PBXBuildFile; fileRef = 07CBBB861F99EF51006EAC56 /* Main.storyboard */; };
		07CBBB8A1F99EF51006EAC56 /* Assets.xcassets in Resources */ = {isa = PBXBuildFile; fileRef = 07CBBB891F99EF51006EAC56 /* Assets.xcassets */; };
		07CBBB8D1F99EF51006EAC56 /* LaunchScreen.storyboard in Resources */ = {isa = PBXBuildFile; fileRef = 07CBBB8B1F99EF51006EAC56 /* LaunchScreen.storyboard */; };
		07CBBBB21F9A04B4006EAC56 /* MapKit.framework in Frameworks */ = {isa = PBXBuildFile; fileRef = 07CBBBB11F9A04B4006EAC56 /* MapKit.framework */; };
		07CBBBB41F9A0817006EAC56 /* CoreLocation.framework in Frameworks */ = {isa = PBXBuildFile; fileRef = 07CBBBB31F9A0817006EAC56 /* CoreLocation.framework */; };
		8075DBF1220B14AA00B037E8 /* LocationController.swift in Sources */ = {isa = PBXBuildFile; fileRef = 8075DBF0220B14AA00B037E8 /* LocationController.swift */; };
		8075DBF3220B1C4A00B037E8 /* Location.swift in Sources */ = {isa = PBXBuildFile; fileRef = 8075DBF2220B1C4A00B037E8 /* Location.swift */; };
		8075DBF5220CDCF800B037E8 /* RadarView.swift in Sources */ = {isa = PBXBuildFile; fileRef = 8075DBF4220CDCF800B037E8 /* RadarView.swift */; };
		8075DBF7220F4D9800B037E8 /* AppleMaps.swift in Sources */ = {isa = PBXBuildFile; fileRef = 8075DBF6220F4D9800B037E8 /* AppleMaps.swift */; };
		80ACB691205D7F7700501C7D /* GooglePlacesKey.txt in Resources */ = {isa = PBXBuildFile; fileRef = 80ACB690205D7F7700501C7D /* GooglePlacesKey.txt */; };
/* End PBXBuildFile section */

/* Begin PBXFileReference section */
		0728108A204177F6006E61C4 /* Default-568h@2x.png */ = {isa = PBXFileReference; lastKnownFileType = image.png; path = "Default-568h@2x.png"; sourceTree = "<group>"; };
		074DA2B92055C70100981831 /* PointOfInterest.swift */ = {isa = PBXFileReference; lastKnownFileType = sourcecode.swift; path = PointOfInterest.swift; sourceTree = "<group>"; };
		074DA2BB2055CB6B00981831 /* SpeechController.swift */ = {isa = PBXFileReference; lastKnownFileType = sourcecode.swift; path = SpeechController.swift; sourceTree = "<group>"; };
		079F167F1F9CFAC100372913 /* POIs.swift */ = {isa = PBXFileReference; fileEncoding = 4; lastKnownFileType = sourcecode.swift; path = POIs.swift; sourceTree = "<group>"; };
		07A7390D2059B4400001DA2A /* Controller.swift */ = {isa = PBXFileReference; lastKnownFileType = sourcecode.swift; path = Controller.swift; sourceTree = "<group>"; };
		07BAB7572041AC200010A059 /* GooglePlaces.swift */ = {isa = PBXFileReference; lastKnownFileType = sourcecode.swift; path = GooglePlaces.swift; sourceTree = "<group>"; };
		07CBBB7F1F99EF51006EAC56 /* BlindenApp.app */ = {isa = PBXFileReference; explicitFileType = wrapper.application; includeInIndex = 0; path = BlindenApp.app; sourceTree = BUILT_PRODUCTS_DIR; };
		07CBBB821F99EF51006EAC56 /* AppDelegate.swift */ = {isa = PBXFileReference; lastKnownFileType = sourcecode.swift; path = AppDelegate.swift; sourceTree = "<group>"; };
		07CBBB841F99EF51006EAC56 /* ViewController.swift */ = {isa = PBXFileReference; lastKnownFileType = sourcecode.swift; path = ViewController.swift; sourceTree = "<group>"; };
		07CBBB871F99EF51006EAC56 /* Base */ = {isa = PBXFileReference; lastKnownFileType = file.storyboard; name = Base; path = Base.lproj/Main.storyboard; sourceTree = "<group>"; };
		07CBBB891F99EF51006EAC56 /* Assets.xcassets */ = {isa = PBXFileReference; lastKnownFileType = folder.assetcatalog; path = Assets.xcassets; sourceTree = "<group>"; };
		07CBBB8C1F99EF51006EAC56 /* Base */ = {isa = PBXFileReference; lastKnownFileType = file.storyboard; name = Base; path = Base.lproj/LaunchScreen.storyboard; sourceTree = "<group>"; };
		07CBBB8E1F99EF51006EAC56 /* Info.plist */ = {isa = PBXFileReference; lastKnownFileType = text.plist.xml; path = Info.plist; sourceTree = "<group>"; };
		07CBBBB11F9A04B4006EAC56 /* MapKit.framework */ = {isa = PBXFileReference; lastKnownFileType = wrapper.framework; name = MapKit.framework; path = System/Library/Frameworks/MapKit.framework; sourceTree = SDKROOT; };
		07CBBBB31F9A0817006EAC56 /* CoreLocation.framework */ = {isa = PBXFileReference; lastKnownFileType = wrapper.framework; name = CoreLocation.framework; path = System/Library/Frameworks/CoreLocation.framework; sourceTree = SDKROOT; };
		8075DBF0220B14AA00B037E8 /* LocationController.swift */ = {isa = PBXFileReference; lastKnownFileType = sourcecode.swift; path = LocationController.swift; sourceTree = "<group>"; };
		8075DBF2220B1C4A00B037E8 /* Location.swift */ = {isa = PBXFileReference; lastKnownFileType = sourcecode.swift; path = Location.swift; sourceTree = "<group>"; };
		8075DBF4220CDCF800B037E8 /* RadarView.swift */ = {isa = PBXFileReference; lastKnownFileType = sourcecode.swift; path = RadarView.swift; sourceTree = "<group>"; };
		8075DBF6220F4D9800B037E8 /* AppleMaps.swift */ = {isa = PBXFileReference; lastKnownFileType = sourcecode.swift; path = AppleMaps.swift; sourceTree = "<group>"; };
		80ACB690205D7F7700501C7D /* GooglePlacesKey.txt */ = {isa = PBXFileReference; lastKnownFileType = text; path = GooglePlacesKey.txt; sourceTree = "<group>"; };
/* End PBXFileReference section */

/* Begin PBXFrameworksBuildPhase section */
		07CBBB7C1F99EF51006EAC56 /* Frameworks */ = {
			isa = PBXFrameworksBuildPhase;
			buildActionMask = 2147483647;
			files = (
				07CBBBB41F9A0817006EAC56 /* CoreLocation.framework in Frameworks */,
				07CBBBB21F9A04B4006EAC56 /* MapKit.framework in Frameworks */,
			);
			runOnlyForDeploymentPostprocessing = 0;
		};
/* End PBXFrameworksBuildPhase section */

/* Begin PBXGroup section */
		07CBBB761F99EF51006EAC56 = {
			isa = PBXGroup;
			children = (
				0728108A204177F6006E61C4 /* Default-568h@2x.png */,
				07CBBB811F99EF51006EAC56 /* BlindenApp */,
				07CBBB801F99EF51006EAC56 /* Products */,
				07CBBBB01F9A04B4006EAC56 /* Frameworks */,
			);
			sourceTree = "<group>";
		};
		07CBBB801F99EF51006EAC56 /* Products */ = {
			isa = PBXGroup;
			children = (
				07CBBB7F1F99EF51006EAC56 /* BlindenApp.app */,
			);
			name = Products;
			sourceTree = "<group>";
		};
		07CBBB811F99EF51006EAC56 /* BlindenApp */ = {
			isa = PBXGroup;
			children = (
				80ACB68F205D7F4700501C7D /* keys */,
				07CBBB821F99EF51006EAC56 /* AppDelegate.swift */,
				07CBBB841F99EF51006EAC56 /* ViewController.swift */,
				8075DBF4220CDCF800B037E8 /* RadarView.swift */,
				07A7390D2059B4400001DA2A /* Controller.swift */,
				8075DBF0220B14AA00B037E8 /* LocationController.swift */,
				8075DBF2220B1C4A00B037E8 /* Location.swift */,
				07BAB7572041AC200010A059 /* GooglePlaces.swift */,
				079F167F1F9CFAC100372913 /* POIs.swift */,
				074DA2B92055C70100981831 /* PointOfInterest.swift */,
				8075DBF6220F4D9800B037E8 /* AppleMaps.swift */,
				074DA2BB2055CB6B00981831 /* SpeechController.swift */,
				07CBBB8E1F99EF51006EAC56 /* Info.plist */,
				07CBBB861F99EF51006EAC56 /* Main.storyboard */,
				07CBBB8B1F99EF51006EAC56 /* LaunchScreen.storyboard */,
				07CBBB891F99EF51006EAC56 /* Assets.xcassets */,
			);
			path = BlindenApp;
			sourceTree = "<group>";
		};
		07CBBBB01F9A04B4006EAC56 /* Frameworks */ = {
			isa = PBXGroup;
			children = (
				07CBBBB31F9A0817006EAC56 /* CoreLocation.framework */,
				07CBBBB11F9A04B4006EAC56 /* MapKit.framework */,
			);
			name = Frameworks;
			sourceTree = "<group>";
		};
		80ACB68F205D7F4700501C7D /* keys */ = {
			isa = PBXGroup;
			children = (
				80ACB690205D7F7700501C7D /* GooglePlacesKey.txt */,
			);
			path = keys;
			sourceTree = "<group>";
		};
/* End PBXGroup section */

/* Begin PBXNativeTarget section */
		07CBBB7E1F99EF51006EAC56 /* BlindenApp */ = {
			isa = PBXNativeTarget;
			buildConfigurationList = 07CBBBA71F99EF51006EAC56 /* Build configuration list for PBXNativeTarget "BlindenApp" */;
			buildPhases = (
				07CBBB7B1F99EF51006EAC56 /* Sources */,
				07CBBB7C1F99EF51006EAC56 /* Frameworks */,
				07CBBB7D1F99EF51006EAC56 /* Resources */,
			);
			buildRules = (
			);
			dependencies = (
			);
			name = BlindenApp;
			productName = BlindenAppTest;
			productReference = 07CBBB7F1F99EF51006EAC56 /* BlindenApp.app */;
			productType = "com.apple.product-type.application";
		};
/* End PBXNativeTarget section */

/* Begin PBXProject section */
		07CBBB771F99EF51006EAC56 /* Project object */ = {
			isa = PBXProject;
			attributes = {
				LastSwiftUpdateCheck = 0830;
				LastUpgradeCheck = 1010;
				ORGANIZATIONNAME = "Lukas Reitemeier";
				TargetAttributes = {
					07CBBB7E1F99EF51006EAC56 = {
						CreatedOnToolsVersion = 8.3.3;
						DevelopmentTeam = WJ3MX3Y7U8;
						LastSwiftMigration = 0920;
						ProvisioningStyle = Automatic;
						SystemCapabilities = {
							com.apple.Maps.iOS = {
								enabled = 1;
							};
						};
					};
				};
			};
			buildConfigurationList = 07CBBB7A1F99EF51006EAC56 /* Build configuration list for PBXProject "BlindenApp" */;
			compatibilityVersion = "Xcode 3.2";
			developmentRegion = English;
			hasScannedForEncodings = 0;
			knownRegions = (
				en,
				Base,
			);
			mainGroup = 07CBBB761F99EF51006EAC56;
			productRefGroup = 07CBBB801F99EF51006EAC56 /* Products */;
			projectDirPath = "";
			projectRoot = "";
			targets = (
				07CBBB7E1F99EF51006EAC56 /* BlindenApp */,
			);
		};
/* End PBXProject section */

/* Begin PBXResourcesBuildPhase section */
		07CBBB7D1F99EF51006EAC56 /* Resources */ = {
			isa = PBXResourcesBuildPhase;
			buildActionMask = 2147483647;
			files = (
				07CBBB8D1F99EF51006EAC56 /* LaunchScreen.storyboard in Resources */,
				0728108B204177F6006E61C4 /* Default-568h@2x.png in Resources */,
				80ACB691205D7F7700501C7D /* GooglePlacesKey.txt in Resources */,
				07CBBB8A1F99EF51006EAC56 /* Assets.xcassets in Resources */,
				07CBBB881F99EF51006EAC56 /* Main.storyboard in Resources */,
			);
			runOnlyForDeploymentPostprocessing = 0;
		};
/* End PBXResourcesBuildPhase section */

/* Begin PBXSourcesBuildPhase section */
		07CBBB7B1F99EF51006EAC56 /* Sources */ = {
			isa = PBXSourcesBuildPhase;
			buildActionMask = 2147483647;
			files = (
				8075DBF1220B14AA00B037E8 /* LocationController.swift in Sources */,
				074DA2BA2055C70100981831 /* PointOfInterest.swift in Sources */,
				079F16801F9CFAC100372913 /* POIs.swift in Sources */,
				07CBBB851F99EF51006EAC56 /* ViewController.swift in Sources */,
				8075DBF3220B1C4A00B037E8 /* Location.swift in Sources */,
				8075DBF5220CDCF800B037E8 /* RadarView.swift in Sources */,
				8075DBF7220F4D9800B037E8 /* AppleMaps.swift in Sources */,
				07CBBB831F99EF51006EAC56 /* AppDelegate.swift in Sources */,
				07BAB7582041AC200010A059 /* GooglePlaces.swift in Sources */,
				074DA2BC2055CB6B00981831 /* SpeechController.swift in Sources */,
				07A7390E2059B4400001DA2A /* Controller.swift in Sources */,
			);
			runOnlyForDeploymentPostprocessing = 0;
		};
/* End PBXSourcesBuildPhase section */

/* Begin PBXVariantGroup section */
		07CBBB861F99EF51006EAC56 /* Main.storyboard */ = {
			isa = PBXVariantGroup;
			children = (
				07CBBB871F99EF51006EAC56 /* Base */,
			);
			name = Main.storyboard;
			sourceTree = "<group>";
		};
		07CBBB8B1F99EF51006EAC56 /* LaunchScreen.storyboard */ = {
			isa = PBXVariantGroup;
			children = (
				07CBBB8C1F99EF51006EAC56 /* Base */,
			);
			name = LaunchScreen.storyboard;
			sourceTree = "<group>";
		};
/* End PBXVariantGroup section */

/* Begin XCBuildConfiguration section */
		07CBBBA51F99EF51006EAC56 /* Debug */ = {
			isa = XCBuildConfiguration;
			buildSettings = {
				ALWAYS_SEARCH_USER_PATHS = NO;
				CLANG_ANALYZER_NONNULL = YES;
				CLANG_ANALYZER_NUMBER_OBJECT_CONVERSION = YES_AGGRESSIVE;
				CLANG_CXX_LANGUAGE_STANDARD = "gnu++0x";
				CLANG_CXX_LIBRARY = "libc++";
				CLANG_ENABLE_MODULES = YES;
				CLANG_ENABLE_OBJC_ARC = YES;
				CLANG_WARN_BLOCK_CAPTURE_AUTORELEASING = YES;
				CLANG_WARN_BOOL_CONVERSION = YES;
				CLANG_WARN_COMMA = YES;
				CLANG_WARN_CONSTANT_CONVERSION = YES;
				CLANG_WARN_DEPRECATED_OBJC_IMPLEMENTATIONS = YES;
				CLANG_WARN_DIRECT_OBJC_ISA_USAGE = YES_ERROR;
				CLANG_WARN_DOCUMENTATION_COMMENTS = YES;
				CLANG_WARN_EMPTY_BODY = YES;
				CLANG_WARN_ENUM_CONVERSION = YES;
				CLANG_WARN_INFINITE_RECURSION = YES;
				CLANG_WARN_INT_CONVERSION = YES;
				CLANG_WARN_NON_LITERAL_NULL_CONVERSION = YES;
				CLANG_WARN_OBJC_IMPLICIT_RETAIN_SELF = YES;
				CLANG_WARN_OBJC_LITERAL_CONVERSION = YES;
				CLANG_WARN_OBJC_ROOT_CLASS = YES_ERROR;
				CLANG_WARN_RANGE_LOOP_ANALYSIS = YES;
				CLANG_WARN_STRICT_PROTOTYPES = YES;
				CLANG_WARN_SUSPICIOUS_MOVE = YES;
				CLANG_WARN_UNREACHABLE_CODE = YES;
				CLANG_WARN__DUPLICATE_METHOD_MATCH = YES;
				"CODE_SIGN_IDENTITY[sdk=iphoneos*]" = "iPhone Developer";
				COPY_PHASE_STRIP = NO;
				DEBUG_INFORMATION_FORMAT = dwarf;
				ENABLE_STRICT_OBJC_MSGSEND = YES;
				ENABLE_TESTABILITY = YES;
				GCC_C_LANGUAGE_STANDARD = gnu99;
				GCC_DYNAMIC_NO_PIC = NO;
				GCC_NO_COMMON_BLOCKS = YES;
				GCC_OPTIMIZATION_LEVEL = 0;
				GCC_PREPROCESSOR_DEFINITIONS = (
					"DEBUG=1",
					"$(inherited)",
				);
				GCC_WARN_64_TO_32_BIT_CONVERSION = YES;
				GCC_WARN_ABOUT_RETURN_TYPE = YES_ERROR;
				GCC_WARN_UNDECLARED_SELECTOR = YES;
				GCC_WARN_UNINITIALIZED_AUTOS = YES_AGGRESSIVE;
				GCC_WARN_UNUSED_FUNCTION = YES;
				GCC_WARN_UNUSED_VARIABLE = YES;
				IPHONEOS_DEPLOYMENT_TARGET = 10.3;
				MTL_ENABLE_DEBUG_INFO = YES;
				ONLY_ACTIVE_ARCH = YES;
				SDKROOT = iphoneos;
				SWIFT_ACTIVE_COMPILATION_CONDITIONS = DEBUG;
				SWIFT_OPTIMIZATION_LEVEL = "-Onone";
				TARGETED_DEVICE_FAMILY = "1,2";
			};
			name = Debug;
		};
		07CBBBA61F99EF51006EAC56 /* Release */ = {
			isa = XCBuildConfiguration;
			buildSettings = {
				ALWAYS_SEARCH_USER_PATHS = NO;
				CLANG_ANALYZER_NONNULL = YES;
				CLANG_ANALYZER_NUMBER_OBJECT_CONVERSION = YES_AGGRESSIVE;
				CLANG_CXX_LANGUAGE_STANDARD = "gnu++0x";
				CLANG_CXX_LIBRARY = "libc++";
				CLANG_ENABLE_MODULES = YES;
				CLANG_ENABLE_OBJC_ARC = YES;
				CLANG_WARN_BLOCK_CAPTURE_AUTORELEASING = YES;
				CLANG_WARN_BOOL_CONVERSION = YES;
				CLANG_WARN_COMMA = YES;
				CLANG_WARN_CONSTANT_CONVERSION = YES;
				CLANG_WARN_DEPRECATED_OBJC_IMPLEMENTATIONS = YES;
				CLANG_WARN_DIRECT_OBJC_ISA_USAGE = YES_ERROR;
				CLANG_WARN_DOCUMENTATION_COMMENTS = YES;
				CLANG_WARN_EMPTY_BODY = YES;
				CLANG_WARN_ENUM_CONVERSION = YES;
				CLANG_WARN_INFINITE_RECURSION = YES;
				CLANG_WARN_INT_CONVERSION = YES;
				CLANG_WARN_NON_LITERAL_NULL_CONVERSION = YES;
				CLANG_WARN_OBJC_IMPLICIT_RETAIN_SELF = YES;
				CLANG_WARN_OBJC_LITERAL_CONVERSION = YES;
				CLANG_WARN_OBJC_ROOT_CLASS = YES_ERROR;
				CLANG_WARN_RANGE_LOOP_ANALYSIS = YES;
				CLANG_WARN_STRICT_PROTOTYPES = YES;
				CLANG_WARN_SUSPICIOUS_MOVE = YES;
				CLANG_WARN_UNREACHABLE_CODE = YES;
				CLANG_WARN__DUPLICATE_METHOD_MATCH = YES;
				"CODE_SIGN_IDENTITY[sdk=iphoneos*]" = "iPhone Developer";
				COPY_PHASE_STRIP = NO;
				DEBUG_INFORMATION_FORMAT = "dwarf-with-dsym";
				ENABLE_NS_ASSERTIONS = NO;
				ENABLE_STRICT_OBJC_MSGSEND = YES;
				GCC_C_LANGUAGE_STANDARD = gnu99;
				GCC_NO_COMMON_BLOCKS = YES;
				GCC_WARN_64_TO_32_BIT_CONVERSION = YES;
				GCC_WARN_ABOUT_RETURN_TYPE = YES_ERROR;
				GCC_WARN_UNDECLARED_SELECTOR = YES;
				GCC_WARN_UNINITIALIZED_AUTOS = YES_AGGRESSIVE;
				GCC_WARN_UNUSED_FUNCTION = YES;
				GCC_WARN_UNUSED_VARIABLE = YES;
				IPHONEOS_DEPLOYMENT_TARGET = 10.3;
				MTL_ENABLE_DEBUG_INFO = NO;
				SDKROOT = iphoneos;
				SWIFT_OPTIMIZATION_LEVEL = "-Owholemodule";
				TARGETED_DEVICE_FAMILY = "1,2";
				VALIDATE_PRODUCT = YES;
			};
			name = Release;
		};
		07CBBBA81F99EF51006EAC56 /* Debug */ = {
			isa = XCBuildConfiguration;
			buildSettings = {
				ASSETCATALOG_COMPILER_APPICON_NAME = AppIcon;
				DEVELOPMENT_TEAM = WJ3MX3Y7U8;
				INFOPLIST_FILE = "$(SRCROOT)/BlindenApp/Info.plist";
				IPHONEOS_DEPLOYMENT_TARGET = 10.0;
				LD_RUNPATH_SEARCH_PATHS = "$(inherited) @executable_path/Frameworks";
				PRODUCT_BUNDLE_IDENTIFIER = "LR.BlindenApp-LB";
				PRODUCT_NAME = "$(TARGET_NAME)";
				SWIFT_SWIFT3_OBJC_INFERENCE = On;
				SWIFT_VERSION = 4.0;
				TARGETED_DEVICE_FAMILY = 1;
			};
			name = Debug;
		};
		07CBBBA91F99EF51006EAC56 /* Release */ = {
			isa = XCBuildConfiguration;
			buildSettings = {
				ASSETCATALOG_COMPILER_APPICON_NAME = AppIcon;
				DEVELOPMENT_TEAM = WJ3MX3Y7U8;
				INFOPLIST_FILE = "$(SRCROOT)/BlindenApp/Info.plist";
				IPHONEOS_DEPLOYMENT_TARGET = 10.0;
				LD_RUNPATH_SEARCH_PATHS = "$(inherited) @executable_path/Frameworks";
				PRODUCT_BUNDLE_IDENTIFIER = "LR.BlindenApp-LB";
				PRODUCT_NAME = "$(TARGET_NAME)";
				SWIFT_SWIFT3_OBJC_INFERENCE = On;
				SWIFT_VERSION = 4.0;
				TARGETED_DEVICE_FAMILY = 1;
			};
			name = Release;
		};
/* End XCBuildConfiguration section */

/* Begin XCConfigurationList section */
		07CBBB7A1F99EF51006EAC56 /* Build configuration list for PBXProject "BlindenApp" */ = {
			isa = XCConfigurationList;
			buildConfigurations = (
				07CBBBA51F99EF51006EAC56 /* Debug */,
				07CBBBA61F99EF51006EAC56 /* Release */,
			);
			defaultConfigurationIsVisible = 0;
			defaultConfigurationName = Release;
		};
		07CBBBA71F99EF51006EAC56 /* Build configuration list for PBXNativeTarget "BlindenApp" */ = {
			isa = XCConfigurationList;
			buildConfigurations = (
				07CBBBA81F99EF51006EAC56 /* Debug */,
				07CBBBA91F99EF51006EAC56 /* Release */,
			);
			defaultConfigurationIsVisible = 0;
			defaultConfigurationName = Release;
		};
/* End XCConfigurationList section */
	};
	rootObject = 07CBBB771F99EF51006EAC56 /* Project object */;
}
